{
  "requires": true,
  "lockfileVersion": 1,
  "dependencies": {
    "web-vitals": {
      "version": "1.0.1",
      "resolved": "https://registry.npmjs.org/web-vitals/-/web-vitals-1.0.1.tgz",
      "integrity": "sha512-io/H/D18edTL1D2lcaUTLNLFEVZIPhNd4IdXDB9bEb+uDv2m/6NfyHiXKLFjbmI1ubeYpoQpR1gl9nlcWdI0vA=="
    }
  }
}
